{
    "version": 3,
    "terraform_version": "0.11.11",
    "serial": 34,
    "lineage": "e95e6ef2-98f3-9ccd-c45e-273b319a95df",
    "modules": [
        {
            "path": [
                "root"
            ],
            "outputs": {},
            "resources": {
                "google_compute_firewall.default": {
                    "type": "google_compute_firewall",
                    "depends_on": [],
                    "primary": {
                        "id": "gke-open-firewall",
                        "attributes": {
                            "allow.#": "1",
                            "allow.1307041314.ports.#": "1",
                            "allow.1307041314.ports.0": "30000-32767",
                            "allow.1307041314.protocol": "tcp",
                            "creation_timestamp": "2019-06-18T05:00:43.057-07:00",
                            "deny.#": "0",
                            "description": "",
                            "destination_ranges.#": "0",
                            "direction": "INGRESS",
                            "disabled": "false",
                            "id": "gke-open-firewall",
                            "name": "gke-open-firewall",
                            "network": "https://www.googleapis.com/compute/v1/projects/hardy-symbol-235210/global/networks/default",
                            "priority": "1000",
                            "project": "hardy-symbol-235210",
                            "self_link": "https://www.googleapis.com/compute/v1/projects/hardy-symbol-235210/global/firewalls/gke-open-firewall",
                            "source_ranges.#": "1",
                            "source_ranges.1080289494": "0.0.0.0/0",
                            "source_service_accounts.#": "0",
                            "source_tags.#": "0",
                            "target_service_accounts.#": "0",
                            "target_tags.#": "0"
                        },
                        "meta": {
                            "e2bfb730-ecaa-11e6-8f88-34363bc7c4c0": {
                                "create": 240000000000,
                                "delete": 240000000000,
                                "update": 240000000000
                            },
                            "schema_version": "1"
                        },
                        "tainted": false
                    },
                    "deposed": [],
                    "provider": "provider.google"
                },
                "google_container_cluster.primary": {
                    "type": "google_container_cluster",
                    "depends_on": [],
                    "primary": {
                        "id": "gke-cluster",
                        "attributes": {
                            "additional_zones.#": "0",
                            "addons_config.#": "1",
                            "addons_config.0.horizontal_pod_autoscaling.#": "0",
                            "addons_config.0.http_load_balancing.#": "0",
                            "addons_config.0.kubernetes_dashboard.#": "1",
                            "addons_config.0.kubernetes_dashboard.0.disabled": "false",
                            "addons_config.0.network_policy_config.#": "1",
                            "addons_config.0.network_policy_config.0.disabled": "true",
                            "cluster_autoscaling.#": "0",
                            "cluster_ipv4_cidr": "10.40.0.0/14",
                            "description": "",
                            "enable_kubernetes_alpha": "false",
                            "enable_legacy_abac": "false",
                            "endpoint": "35.228.9.54",
                            "id": "gke-cluster",
                            "initial_node_count": "3",
                            "instance_group_urls.#": "1",
                            "instance_group_urls.0": "https://www.googleapis.com/compute/v1/projects/hardy-symbol-235210/zones/europe-north1-c/instanceGroups/gke-gke-cluster-default-pool-b0f75ba3-grp",
                            "ip_allocation_policy.#": "0",
                            "location": "europe-north1-c",
                            "logging_service": "logging.googleapis.com",
                            "maintenance_policy.#": "0",
                            "master_auth.#": "1",
                            "master_auth.0.client_certificate": "",
                            "master_auth.0.client_certificate_config.#": "1",
                            "master_auth.0.client_certificate_config.0.issue_client_certificate": "false",
                            "master_auth.0.client_key": "",
                            "master_auth.0.cluster_ca_certificate": "LS0tLS1CRUdJTiBDRVJUSUZJQ0FURS0tLS0tCk1JSURERENDQWZTZ0F3SUJBZ0lSQU40ODNIVzlla1RJWCt1ZndsV3JNQWt3RFFZSktvWklodmNOQVFFTEJRQXcKTHpFdE1Dc0dBMVVFQXhNa1pUQTBabVZoTkRZdE1tWm1NQzAwTlRBd0xXSXlaVEl0TXpSbU9EVmlPRE00TkRCbApNQjRYRFRFNU1EWXhPREV4TURBME1sb1hEVEkwTURZeE5qRXlNREEwTWxvd0x6RXRNQ3NHQTFVRUF4TWtaVEEwClptVmhORFl0TW1abU1DMDBOVEF3TFdJeVpUSXRNelJtT0RWaU9ETTROREJsTUlJQklqQU5CZ2txaGtpRzl3MEIKQVFFRkFBT0NBUThBTUlJQkNnS0NBUUVBekRaanExMWN0WU5zV1g4bmRFWGpoeGRQS2tlaDFXVzNMV3VYZ2lDQgo2Y09hMVBZVDFoR0hsTzZKenNSUXowaUZQVHlXWkRyVk5FY3J4NW1XU1QzaUNvaDBXTkFLNEFDeGlMQzRObUxhCmgrdHNlbkk0NzI3T04rYVJheURBb0ZLWGxRM2hSRWg3QUdORkExYzhEMnJrVkdwcUxNL2RhYWNCZ0JKTnUvanoKWDM3cGl1cDJIdzcrK0l0bW5iUlgraVNLMWNUN2k5L0tpck5vQlR5RUFkdFVvOWlOaHVUUUYxanJVRnRNVWZHWApGamtIL2dtWG5rZFFKWU9MVUxqcUZOQVBwU2JxUEY4c25LemtUK09IWFlyN3MzMEI0NFVWU1FYNDBIOU5xWkxkCi9KNVRYcnFwNmZKeDZmcW1QZTkrMFlzSGNva1VubnhBSkc2Q1hrY0F1VnFaR3dJREFRQUJveU13SVRBT0JnTlYKSFE4QkFmOEVCQU1DQWdRd0R3WURWUjBUQVFIL0JBVXdBd0VCL3pBTkJna3Foa2lHOXcwQkFRc0ZBQU9DQVFFQQpIdFlCZkg5aVJFaVpPc3N2cVpIcndWbGNreGNqTFZmUlNkVjRGNHBxa3Q5N1g4UDV2S1EzOU10TEZPTzZlM0xzCkc0Z0JQVVhheVdQTDJFTW81OG9ldVIvYWZyVW9hakY4Z0tLWEt1TGdHVHd1d1k2NHpPaVJFNGxjcHlvNFI5MSsKcFJTTmwwcmxJcXAvNzVITjZNL1dYNnRKbldGeGJwK0p4VjVPZzcwMm9XQ0hDdm9HcFFzNGZnaEN4UzgyajIzbwovakU0c0FNcWZQcnRtbW9wK3M1M09qNENWaDlsV0tKeGJvK1gzekJvdHVjYWNnYjJHU05Za1c4dnlibzA5TStICjFFckx3NXV3QjIxdCs5LzJ0MTdoZnc2ZHBuR3VvZUtHT0czV25zbjcwWXNiOTBXNkpYWUxWN04zdnpyUkRPN0IKQ3p2WEpxVkhuM0Z5WnBTaDRIQ3R2UT09Ci0tLS0tRU5EIENFUlRJRklDQVRFLS0tLS0K",
                            "master_auth.0.password": "",
                            "master_auth.0.username": "",
                            "master_authorized_networks_config.#": "0",
                            "master_version": "1.12.8-gke.6",
                            "monitoring_service": "monitoring.googleapis.com",
                            "name": "gke-cluster",
                            "network": "projects/hardy-symbol-235210/global/networks/default",
                            "network_policy.#": "1",
                            "network_policy.0.enabled": "false",
                            "network_policy.0.provider": "PROVIDER_UNSPECIFIED",
                            "node_config.#": "1",
                            "node_config.0.disk_size_gb": "20",
                            "node_config.0.disk_type": "pd-standard",
                            "node_config.0.guest_accelerator.#": "0",
                            "node_config.0.image_type": "COS",
                            "node_config.0.labels.%": "0",
                            "node_config.0.local_ssd_count": "0",
                            "node_config.0.machine_type": "g1-small",
                            "node_config.0.metadata.%": "1",
                            "node_config.0.metadata.disable-legacy-endpoints": "true",
                            "node_config.0.min_cpu_platform": "",
                            "node_config.0.oauth_scopes.#": "4",
                            "node_config.0.oauth_scopes.1277378754": "https://www.googleapis.com/auth/monitoring",
                            "node_config.0.oauth_scopes.1632638332": "https://www.googleapis.com/auth/devstorage.read_only",
                            "node_config.0.oauth_scopes.172152165": "https://www.googleapis.com/auth/logging.write",
                            "node_config.0.oauth_scopes.299962681": "https://www.googleapis.com/auth/compute",
                            "node_config.0.preemptible": "false",
                            "node_config.0.service_account": "default",
                            "node_config.0.tags.#": "2",
                            "node_config.0.tags.0": "k8s",
                            "node_config.0.tags.1": "otus",
                            "node_config.0.taint.#": "0",
                            "node_config.0.workload_metadata_config.#": "0",
                            "node_locations.#": "0",
                            "node_pool.#": "1",
                            "node_pool.0.autoscaling.#": "0",
                            "node_pool.0.initial_node_count": "3",
                            "node_pool.0.instance_group_urls.#": "1",
                            "node_pool.0.instance_group_urls.0": "https://www.googleapis.com/compute/v1/projects/hardy-symbol-235210/zones/europe-north1-c/instanceGroupManagers/gke-gke-cluster-default-pool-b0f75ba3-grp",
                            "node_pool.0.management.#": "1",
                            "node_pool.0.management.0.auto_repair": "false",
                            "node_pool.0.management.0.auto_upgrade": "false",
                            "node_pool.0.max_pods_per_node": "0",
                            "node_pool.0.name": "default-pool",
                            "node_pool.0.name_prefix": "",
                            "node_pool.0.node_config.#": "1",
                            "node_pool.0.node_config.0.disk_size_gb": "20",
                            "node_pool.0.node_config.0.disk_type": "pd-standard",
                            "node_pool.0.node_config.0.guest_accelerator.#": "0",
                            "node_pool.0.node_config.0.image_type": "COS",
                            "node_pool.0.node_config.0.labels.%": "0",
                            "node_pool.0.node_config.0.local_ssd_count": "0",
                            "node_pool.0.node_config.0.machine_type": "g1-small",
                            "node_pool.0.node_config.0.metadata.%": "1",
                            "node_pool.0.node_config.0.metadata.disable-legacy-endpoints": "true",
                            "node_pool.0.node_config.0.min_cpu_platform": "",
                            "node_pool.0.node_config.0.oauth_scopes.#": "4",
                            "node_pool.0.node_config.0.oauth_scopes.1277378754": "https://www.googleapis.com/auth/monitoring",
                            "node_pool.0.node_config.0.oauth_scopes.1632638332": "https://www.googleapis.com/auth/devstorage.read_only",
                            "node_pool.0.node_config.0.oauth_scopes.172152165": "https://www.googleapis.com/auth/logging.write",
                            "node_pool.0.node_config.0.oauth_scopes.299962681": "https://www.googleapis.com/auth/compute",
                            "node_pool.0.node_config.0.preemptible": "false",
                            "node_pool.0.node_config.0.service_account": "default",
                            "node_pool.0.node_config.0.tags.#": "2",
                            "node_pool.0.node_config.0.tags.0": "k8s",
                            "node_pool.0.node_config.0.tags.1": "otus",
                            "node_pool.0.node_config.0.taint.#": "0",
                            "node_pool.0.node_config.0.workload_metadata_config.#": "0",
                            "node_pool.0.node_count": "3",
                            "node_pool.0.version": "1.12.8-gke.6",
                            "node_version": "1.12.8-gke.6",
                            "private_cluster_config.#": "0",
                            "project": "hardy-symbol-235210",
                            "resource_labels.%": "0",
                            "services_ipv4_cidr": "10.43.240.0/20",
                            "subnetwork": "projects/hardy-symbol-235210/regions/europe-north1/subnetworks/default",
                            "zone": "europe-north1-c"
                        },
                        "meta": {
                            "e2bfb730-ecaa-11e6-8f88-34363bc7c4c0": {
                                "create": 1800000000000,
                                "delete": 1800000000000,
                                "update": 1800000000000
                            },
                            "schema_version": "1"
                        },
                        "tainted": false
                    },
                    "deposed": [],
                    "provider": "provider.google"
                }
            },
            "depends_on": []
        }
    ]
}
