{
    "version": 3,
    "terraform_version": "0.11.11",
    "serial": 17,
    "lineage": "e95e6ef2-98f3-9ccd-c45e-273b319a95df",
    "modules": [
        {
            "path": [
                "root"
            ],
            "outputs": {},
            "resources": {
                "google_compute_firewall.kubernetes-nodeports": {
                    "type": "google_compute_firewall",
                    "depends_on": [],
                    "primary": {
                        "id": "kubernetes-nodeports",
                        "attributes": {
                            "allow.#": "1",
                            "allow.1307041314.ports.#": "1",
                            "allow.1307041314.ports.0": "30000-32767",
                            "allow.1307041314.protocol": "tcp",
                            "creation_timestamp": "2019-06-11T03:10:44.798-07:00",
                            "deny.#": "0",
                            "description": "",
                            "destination_ranges.#": "0",
                            "direction": "INGRESS",
                            "disabled": "false",
                            "id": "kubernetes-nodeports",
                            "name": "kubernetes-nodeports",
                            "network": "https://www.googleapis.com/compute/v1/projects/hardy-symbol-235210/global/networks/default",
                            "priority": "1000",
                            "project": "hardy-symbol-235210",
                            "self_link": "https://www.googleapis.com/compute/v1/projects/hardy-symbol-235210/global/firewalls/kubernetes-nodeports",
                            "source_ranges.#": "1",
                            "source_ranges.1080289494": "0.0.0.0/0",
                            "source_service_accounts.#": "0",
                            "source_tags.#": "0",
                            "target_service_accounts.#": "0",
                            "target_tags.#": "1",
                            "target_tags.1799682348": "reddit-app"
                        },
                        "meta": {
                            "e2bfb730-ecaa-11e6-8f88-34363bc7c4c0": {
                                "create": 240000000000,
                                "delete": 240000000000,
                                "update": 240000000000
                            },
                            "schema_version": "1"
                        },
                        "tainted": false
                    },
                    "deposed": [],
                    "provider": "provider.google"
                },
                "google_container_cluster.primary1": {
                    "type": "google_container_cluster",
                    "depends_on": [],
                    "primary": {
                        "id": "marcellus-wallace",
                        "attributes": {
                            "additional_zones.#": "0",
                            "addons_config.#": "1",
                            "addons_config.0.horizontal_pod_autoscaling.#": "0",
                            "addons_config.0.http_load_balancing.#": "0",
                            "addons_config.0.kubernetes_dashboard.#": "1",
                            "addons_config.0.kubernetes_dashboard.0.disabled": "false",
                            "addons_config.0.network_policy_config.#": "1",
                            "addons_config.0.network_policy_config.0.disabled": "true",
                            "cluster_autoscaling.#": "0",
                            "cluster_ipv4_cidr": "10.0.0.0/14",
                            "description": "",
                            "enable_kubernetes_alpha": "false",
                            "enable_legacy_abac": "false",
                            "endpoint": "34.66.117.116",
                            "id": "marcellus-wallace",
                            "initial_node_count": "2",
                            "instance_group_urls.#": "1",
                            "instance_group_urls.0": "https://www.googleapis.com/compute/v1/projects/hardy-symbol-235210/zones/us-central1-a/instanceGroups/gke-marcellus-wallace-default-pool-67df9bc3-grp",
                            "ip_allocation_policy.#": "0",
                            "location": "us-central1-a",
                            "logging_service": "logging.googleapis.com",
                            "maintenance_policy.#": "0",
                            "master_auth.#": "1",
                            "master_auth.0.client_certificate": "",
                            "master_auth.0.client_certificate_config.#": "1",
                            "master_auth.0.client_certificate_config.0.issue_client_certificate": "false",
                            "master_auth.0.client_key": "",
                            "master_auth.0.cluster_ca_certificate": "LS0tLS1CRUdJTiBDRVJUSUZJQ0FURS0tLS0tCk1JSURERENDQWZTZ0F3SUJBZ0lSQU9PZ25raGM1Qys4bndscE5xYTFxa1V3RFFZSktvWklodmNOQVFFTEJRQXcKTHpFdE1Dc0dBMVVFQXhNa01qVXlNbUZoWkRBdE9XTTNOeTAwTVdNNUxXRm1PR0V0TUdFeU0yTTNZMlkyTUdaagpNQjRYRFRFNU1EWXhNVEE1TVRBME5Gb1hEVEkwTURZd09URXdNVEEwTkZvd0x6RXRNQ3NHQTFVRUF4TWtNalV5Ck1tRmhaREF0T1dNM055MDBNV001TFdGbU9HRXRNR0V5TTJNM1kyWTJNR1pqTUlJQklqQU5CZ2txaGtpRzl3MEIKQVFFRkFBT0NBUThBTUlJQkNnS0NBUUVBMXZCVWx3SUZPRkZORGdhSFZ5bm92MlhmS2VKN3QrN3FDcG5jbGNyRwo5ZUFlekxZZStiTWV1VXlEbXVUMkY1Z3IycEpJekpWL1hka0daNmE1b3p5MWhQRUlRK3VxY05ZZWU3SlU4RzFyCnhUSWNHVExrdmxTbCtndUFNWUdHaGU4TW5kOFVMblNBcjRMWlVianQ5c2Q1bDJpSGlOL2VBeTNOVUc1MkduVmoKejlHdDZOUERWS2NmNXl0QlhmaS8rek45ek1KYlhxczI3NUJYUjZtSWkzN3JSNW5mRUtSS0FSQ1lRN3pRMER6QgpWdmhPZlBVMXp5bkFERUZiQUtTTVA2Lzc1eFFFSmx1dk9HUWRubnVsR1NvSW16bVY3dURiNFhySUVtbjhMaGJjCmpscUZhRzg3a0VRNnNoVUtPVFJXNUFlM3ZpQkdXSUEwNjMzdTBqZmFtUFE2T1FJREFRQUJveU13SVRBT0JnTlYKSFE4QkFmOEVCQU1DQWdRd0R3WURWUjBUQVFIL0JBVXdBd0VCL3pBTkJna3Foa2lHOXcwQkFRc0ZBQU9DQVFFQQpXZm1aWjVPbXdObFpDcWZhQ3hDZzRXcDJORFVscVRoeEl2OWxLNjZoRFl3ckVrTXFZK1VRcExvQWJhRzRXRUtlCm9ReGFzUm4rdEd5eGN3akdLVFhmZGUxQlhYK1h6QjBqTzgrdDVsbGVjdU5EUGVxM1J4R0tpU0ZlTXp3K1dOMGoKRDNnRU5aSmY3bHZ0Q3lsZXprSHVrQXhTQzNrMlluMkJpZWJaYVQrWHkrSW43TUZlUWFGRFFiVU5pbkRuWVNLQwpKZSs1djVnVldab2p4bzNibnkrRXZEOHZ1SUp4M0ZNWUxRM0hhSUM3ZHp3b013cVpyN0QxNTVueHJhTWpLMjh5CmdiMXFndm9qd1YxM3pla3RQRUdrUkpjWEZma09rSFVnbnh3TXd0Z0hCMTBiTCs1cXFXdVMrMXBNbjlKaDRhL2MKcTgxWk0wYlBwOGFrTW9MSG4zT0NNdz09Ci0tLS0tRU5EIENFUlRJRklDQVRFLS0tLS0K",
                            "master_auth.0.password": "",
                            "master_auth.0.username": "",
                            "master_authorized_networks_config.#": "0",
                            "master_version": "1.12.8-gke.6",
                            "monitoring_service": "monitoring.googleapis.com",
                            "name": "marcellus-wallace",
                            "network": "projects/hardy-symbol-235210/global/networks/default",
                            "network_policy.#": "1",
                            "network_policy.0.enabled": "false",
                            "network_policy.0.provider": "PROVIDER_UNSPECIFIED",
                            "node_config.#": "1",
                            "node_config.0.disk_size_gb": "20",
                            "node_config.0.disk_type": "pd-standard",
                            "node_config.0.guest_accelerator.#": "0",
                            "node_config.0.image_type": "COS",
                            "node_config.0.labels.%": "1",
                            "node_config.0.labels.foo": "bar",
                            "node_config.0.local_ssd_count": "0",
                            "node_config.0.machine_type": "g1-small",
                            "node_config.0.metadata.%": "1",
                            "node_config.0.metadata.disable-legacy-endpoints": "true",
                            "node_config.0.min_cpu_platform": "",
                            "node_config.0.oauth_scopes.#": "2",
                            "node_config.0.oauth_scopes.1277378754": "https://www.googleapis.com/auth/monitoring",
                            "node_config.0.oauth_scopes.172152165": "https://www.googleapis.com/auth/logging.write",
                            "node_config.0.preemptible": "true",
                            "node_config.0.service_account": "default",
                            "node_config.0.tags.#": "2",
                            "node_config.0.tags.0": "foo",
                            "node_config.0.tags.1": "bar",
                            "node_config.0.taint.#": "0",
                            "node_config.0.workload_metadata_config.#": "0",
                            "node_locations.#": "0",
                            "node_pool.#": "1",
                            "node_pool.0.autoscaling.#": "0",
                            "node_pool.0.initial_node_count": "2",
                            "node_pool.0.instance_group_urls.#": "1",
                            "node_pool.0.instance_group_urls.0": "https://www.googleapis.com/compute/v1/projects/hardy-symbol-235210/zones/us-central1-a/instanceGroupManagers/gke-marcellus-wallace-default-pool-67df9bc3-grp",
                            "node_pool.0.management.#": "1",
                            "node_pool.0.management.0.auto_repair": "false",
                            "node_pool.0.management.0.auto_upgrade": "false",
                            "node_pool.0.max_pods_per_node": "0",
                            "node_pool.0.name": "default-pool",
                            "node_pool.0.name_prefix": "",
                            "node_pool.0.node_config.#": "1",
                            "node_pool.0.node_config.0.disk_size_gb": "20",
                            "node_pool.0.node_config.0.disk_type": "pd-standard",
                            "node_pool.0.node_config.0.guest_accelerator.#": "0",
                            "node_pool.0.node_config.0.image_type": "COS",
                            "node_pool.0.node_config.0.labels.%": "1",
                            "node_pool.0.node_config.0.labels.foo": "bar",
                            "node_pool.0.node_config.0.local_ssd_count": "0",
                            "node_pool.0.node_config.0.machine_type": "g1-small",
                            "node_pool.0.node_config.0.metadata.%": "1",
                            "node_pool.0.node_config.0.metadata.disable-legacy-endpoints": "true",
                            "node_pool.0.node_config.0.min_cpu_platform": "",
                            "node_pool.0.node_config.0.oauth_scopes.#": "2",
                            "node_pool.0.node_config.0.oauth_scopes.1277378754": "https://www.googleapis.com/auth/monitoring",
                            "node_pool.0.node_config.0.oauth_scopes.172152165": "https://www.googleapis.com/auth/logging.write",
                            "node_pool.0.node_config.0.preemptible": "true",
                            "node_pool.0.node_config.0.service_account": "default",
                            "node_pool.0.node_config.0.tags.#": "2",
                            "node_pool.0.node_config.0.tags.0": "foo",
                            "node_pool.0.node_config.0.tags.1": "bar",
                            "node_pool.0.node_config.0.taint.#": "0",
                            "node_pool.0.node_config.0.workload_metadata_config.#": "0",
                            "node_pool.0.node_count": "2",
                            "node_pool.0.version": "1.12.8-gke.6",
                            "node_version": "1.12.8-gke.6",
                            "private_cluster_config.#": "0",
                            "project": "hardy-symbol-235210",
                            "resource_labels.%": "0",
                            "services_ipv4_cidr": "10.3.240.0/20",
                            "subnetwork": "projects/hardy-symbol-235210/regions/us-central1/subnetworks/default",
                            "zone": "us-central1-a"
                        },
                        "meta": {
                            "e2bfb730-ecaa-11e6-8f88-34363bc7c4c0": {
                                "create": 1800000000000,
                                "delete": 1800000000000,
                                "update": 2400000000000
                            },
                            "schema_version": "1"
                        },
                        "tainted": false
                    },
                    "deposed": [],
                    "provider": "provider.google"
                }
            },
            "depends_on": []
        }
    ]
}
